
Microsoft Visual Studio Solution File, Format Version 12.00
# Visual Studio Version 17
VisualStudioVersion = 17.5.002.0
MinimumVisualStudioVersion = 10.0.40219.1
Project("{9A19103F-16F7-4668-BE54-9A1E7A4F7556}") = "Task1", "Task1\Task1.csproj", "{6565E445-220D-4169-BEE4-DB52A3908C1F}"
EndProject
Project("{9A19103F-16F7-4668-BE54-9A1E7A4F7556}") = "Task2", "Task2\Task2.csproj", "{17559D65-4586-442A-B1CD-43361710FD02}"
EndProject
Project("{9A19103F-16F7-4668-BE54-9A1E7A4F7556}") = "Task3", "Task3\Task3.csproj", "{B9BA0DAC-C3D1-4D3F-A5AF-30C6FF36235F}"
EndProject
Global
	GlobalSection(SolutionConfigurationPlatforms) = preSolution
		Debug|Any CPU = Debug|Any CPU
		Release|Any CPU = Release|Any CPU
	EndGlobalSection
	GlobalSection(ProjectConfigurationPlatforms) = postSolution
		{6565E445-220D-4169-BEE4-DB52A3908C1F}.Debug|Any CPU.ActiveCfg = Debug|Any CPU
		{6565E445-220D-4169-BEE4-DB52A3908C1F}.Debug|Any CPU.Build.0 = Debug|Any CPU
		{6565E445-220D-4169-BEE4-DB52A3908C1F}.Release|Any CPU.ActiveCfg = Release|Any CPU
		{6565E445-220D-4169-BEE4-DB52A3908C1F}.Release|Any CPU.Build.0 = Release|Any CPU
		{17559D65-4586-442A-B1CD-43361710FD02}.Debug|Any CPU.ActiveCfg = Debug|Any CPU
		{17559D65-4586-442A-B1CD-43361710FD02}.Debug|Any CPU.Build.0 = Debug|Any CPU
		{17559D65-4586-442A-B1CD-43361710FD02}.Release|Any CPU.ActiveCfg = Release|Any CPU
		{17559D65-4586-442A-B1CD-43361710FD02}.Release|Any CPU.Build.0 = Release|Any CPU
		{B9BA0DAC-C3D1-4D3F-A5AF-30C6FF36235F}.Debug|Any CPU.ActiveCfg = Debug|Any CPU
		{B9BA0DAC-C3D1-4D3F-A5AF-30C6FF36235F}.Debug|Any CPU.Build.0 = Debug|Any CPU
		{B9BA0DAC-C3D1-4D3F-A5AF-30C6FF36235F}.Release|Any CPU.ActiveCfg = Release|Any CPU
		{B9BA0DAC-C3D1-4D3F-A5AF-30C6FF36235F}.Release|Any CPU.Build.0 = Release|Any CPU
	EndGlobalSection
	GlobalSection(SolutionProperties) = preSolution
		HideSolutionNode = FALSE
	EndGlobalSection
	GlobalSection(ExtensibilityGlobals) = postSolution
		SolutionGuid = {2DAE5004-7B6E-47AC-A711-72E184521612}
	EndGlobalSection
EndGlobal
